
Microsoft Visual Studio Solution File, Format Version 12.00
# Visual Studio Version 16
VisualStudioVersion = 16.0.29424.173
MinimumVisualStudioVersion = 10.0.40219.1
Project("{FAE04EC0-301F-11D3-BF4B-00C04F79EFBC}") = "Coursework", "Coursework\Coursework.csproj", "{20036D78-B1FD-4E42-8C2C-394B771BD487}"
EndProject
Project("{FAE04EC0-301F-11D3-BF4B-00C04F79EFBC}") = "RadarLib", "RadarLib\RadarLib.csproj", "{161F82C7-13EA-430F-897C-460B49E1B32F}"
EndProject
Project("{FAE04EC0-301F-11D3-BF4B-00C04F79EFBC}") = "ConsoleApp1", "ConsoleApp1\ConsoleApp1.csproj", "{B70E090B-AE32-426C-9A78-6D04DA004C1A}"
EndProject
Global
	GlobalSection(SolutionConfigurationPlatforms) = preSolution
		Debug|Any CPU = Debug|Any CPU
		Release|Any CPU = Release|Any CPU
	EndGlobalSection
	GlobalSection(ProjectConfigurationPlatforms) = postSolution
		{20036D78-B1FD-4E42-8C2C-394B771BD487}.Debug|Any CPU.ActiveCfg = Debug|Any CPU
		{20036D78-B1FD-4E42-8C2C-394B771BD487}.Debug|Any CPU.Build.0 = Debug|Any CPU
		{20036D78-B1FD-4E42-8C2C-394B771BD487}.Release|Any CPU.ActiveCfg = Release|Any CPU
		{20036D78-B1FD-4E42-8C2C-394B771BD487}.Release|Any CPU.Build.0 = Release|Any CPU
		{161F82C7-13EA-430F-897C-460B49E1B32F}.Debug|Any CPU.ActiveCfg = Debug|Any CPU
		{161F82C7-13EA-430F-897C-460B49E1B32F}.Debug|Any CPU.Build.0 = Debug|Any CPU
		{161F82C7-13EA-430F-897C-460B49E1B32F}.Release|Any CPU.ActiveCfg = Release|Any CPU
		{161F82C7-13EA-430F-897C-460B49E1B32F}.Release|Any CPU.Build.0 = Release|Any CPU
		{B70E090B-AE32-426C-9A78-6D04DA004C1A}.Debug|Any CPU.ActiveCfg = Debug|Any CPU
		{B70E090B-AE32-426C-9A78-6D04DA004C1A}.Debug|Any CPU.Build.0 = Debug|Any CPU
		{B70E090B-AE32-426C-9A78-6D04DA004C1A}.Release|Any CPU.ActiveCfg = Release|Any CPU
		{B70E090B-AE32-426C-9A78-6D04DA004C1A}.Release|Any CPU.Build.0 = Release|Any CPU
	EndGlobalSection
	GlobalSection(SolutionProperties) = preSolution
		HideSolutionNode = FALSE
	EndGlobalSection
	GlobalSection(ExtensibilityGlobals) = postSolution
		SolutionGuid = {7C6C88F7-608D-41B1-8A22-B0B367684FB6}
	EndGlobalSection
EndGlobal
